
Microsoft Visual Studio Solution File, Format Version 12.00
# Visual Studio 2013
VisualStudioVersion = 12.0.31101.0
MinimumVisualStudioVersion = 10.0.40219.1
Project("{FAE04EC0-301F-11D3-BF4B-00C04F79EFBC}") = "XmlHandler", "XmlHandler\XmlHandler.csproj", "{40A93E4B-B456-4EAF-8E9A-922857276D4D}"
EndProject
Project("{FAE04EC0-301F-11D3-BF4B-00C04F79EFBC}") = "XmlHandler.UnitTests", "XmlHandler.UnitTests\XmlHandler.UnitTests.csproj", "{7A0F5BB2-50A2-4C9C-8F62-60F9A5B6AB3F}"
EndProject
Project("{FAE04EC0-301F-11D3-BF4B-00C04F79EFBC}") = "XmlViewer", "XmlViewer\XmlViewer.csproj", "{4A0B5911-7E0A-4D74-82A3-A6D5597AEC1C}"
EndProject
Global
	GlobalSection(TeamFoundationVersionControl) = preSolution
		SccNumberOfProjects = 4
		SccEnterpriseProvider = {4CA58AB2-18FA-4F8D-95D4-32DDF27D184C}
		SccTeamFoundationServer = https://lucaciandrei.visualstudio.com/defaultcollection
		SccLocalPath0 = .
		SccProjectUniqueName1 = XmlHandler.UnitTests\\XmlHandler.UnitTests.csproj
		SccProjectName1 = XmlHandler.UnitTests
		SccLocalPath1 = XmlHandler.UnitTests
		SccProjectUniqueName2 = XmlHandler\\XmlHandler.csproj
		SccProjectName2 = XmlHandler
		SccLocalPath2 = XmlHandler
		SccProjectUniqueName3 = XmlViewer\\XmlViewer.csproj
		SccProjectName3 = XmlViewer
		SccLocalPath3 = XmlViewer
	EndGlobalSection
	GlobalSection(SolutionConfigurationPlatforms) = preSolution
		Debug|Any CPU = Debug|Any CPU
		Release|Any CPU = Release|Any CPU
	EndGlobalSection
	GlobalSection(ProjectConfigurationPlatforms) = postSolution
		{40A93E4B-B456-4EAF-8E9A-922857276D4D}.Debug|Any CPU.ActiveCfg = Debug|Any CPU
		{40A93E4B-B456-4EAF-8E9A-922857276D4D}.Debug|Any CPU.Build.0 = Debug|Any CPU
		{40A93E4B-B456-4EAF-8E9A-922857276D4D}.Release|Any CPU.ActiveCfg = Release|Any CPU
		{40A93E4B-B456-4EAF-8E9A-922857276D4D}.Release|Any CPU.Build.0 = Release|Any CPU
		{7A0F5BB2-50A2-4C9C-8F62-60F9A5B6AB3F}.Debug|Any CPU.ActiveCfg = Debug|Any CPU
		{7A0F5BB2-50A2-4C9C-8F62-60F9A5B6AB3F}.Debug|Any CPU.Build.0 = Debug|Any CPU
		{7A0F5BB2-50A2-4C9C-8F62-60F9A5B6AB3F}.Release|Any CPU.ActiveCfg = Release|Any CPU
		{7A0F5BB2-50A2-4C9C-8F62-60F9A5B6AB3F}.Release|Any CPU.Build.0 = Release|Any CPU
		{4A0B5911-7E0A-4D74-82A3-A6D5597AEC1C}.Debug|Any CPU.ActiveCfg = Debug|Any CPU
		{4A0B5911-7E0A-4D74-82A3-A6D5597AEC1C}.Debug|Any CPU.Build.0 = Debug|Any CPU
		{4A0B5911-7E0A-4D74-82A3-A6D5597AEC1C}.Release|Any CPU.ActiveCfg = Release|Any CPU
		{4A0B5911-7E0A-4D74-82A3-A6D5597AEC1C}.Release|Any CPU.Build.0 = Release|Any CPU
	EndGlobalSection
	GlobalSection(SolutionProperties) = preSolution
		HideSolutionNode = FALSE
	EndGlobalSection
EndGlobal
